
Microsoft Visual Studio Solution File, Format Version 12.00
# Visual Studio Version 17
VisualStudioVersion = 17.5.33424.131
MinimumVisualStudioVersion = 10.0.40219.1
Project("{FAE04EC0-301F-11D3-BF4B-00C04F79EFBC}") = "Presentation", "Zapchasti\Presentation.csproj", "{006CB3FE-62F6-4825-BEE4-970762A53F8C}"
EndProject
Project("{FAE04EC0-301F-11D3-BF4B-00C04F79EFBC}") = "Domain", "Domain\Domain.csproj", "{8B6968FF-242A-4063-80C3-F32B0B280140}"
EndProject
Global
	GlobalSection(SolutionConfigurationPlatforms) = preSolution
		Debug|Any CPU = Debug|Any CPU
		Release|Any CPU = Release|Any CPU
	EndGlobalSection
	GlobalSection(ProjectConfigurationPlatforms) = postSolution
		{006CB3FE-62F6-4825-BEE4-970762A53F8C}.Debug|Any CPU.ActiveCfg = Debug|Any CPU
		{006CB3FE-62F6-4825-BEE4-970762A53F8C}.Debug|Any CPU.Build.0 = Debug|Any CPU
		{006CB3FE-62F6-4825-BEE4-970762A53F8C}.Release|Any CPU.ActiveCfg = Release|Any CPU
		{006CB3FE-62F6-4825-BEE4-970762A53F8C}.Release|Any CPU.Build.0 = Release|Any CPU
		{8B6968FF-242A-4063-80C3-F32B0B280140}.Debug|Any CPU.ActiveCfg = Debug|Any CPU
		{8B6968FF-242A-4063-80C3-F32B0B280140}.Debug|Any CPU.Build.0 = Debug|Any CPU
		{8B6968FF-242A-4063-80C3-F32B0B280140}.Release|Any CPU.ActiveCfg = Release|Any CPU
		{8B6968FF-242A-4063-80C3-F32B0B280140}.Release|Any CPU.Build.0 = Release|Any CPU
	EndGlobalSection
	GlobalSection(SolutionProperties) = preSolution
		HideSolutionNode = FALSE
	EndGlobalSection
	GlobalSection(ExtensibilityGlobals) = postSolution
		SolutionGuid = {B441ABF3-1AA7-492E-AFBB-362EED4036E4}
	EndGlobalSection
EndGlobal
